// !$*UTF8*$!
{
	archiveVersion = 1;
	classes = {
	};
	objectVersion = 46;
	objects = {

/* Begin PBXBuildFile section */
		024475CF469295B94ABC817A /* Pods_ClothesStore.framework in Frameworks */ = {isa = PBXBuildFile; fileRef = A4E6F1D4D872AC0DC8472407 /* Pods_ClothesStore.framework */; };
		516277E21DFC6FA2003BAA51 /* ClothesStoreTests.swift in Sources */ = {isa = PBXBuildFile; fileRef = 516277E11DFC6FA2003BAA51 /* ClothesStoreTests.swift */; };
		516277ED1DFC6FA2003BAA51 /* ClothesStoreUITests.swift in Sources */ = {isa = PBXBuildFile; fileRef = 516277EC1DFC6FA2003BAA51 /* ClothesStoreUITests.swift */; };
		516278051DFC70AA003BAA51 /* AppDelegate.swift in Sources */ = {isa = PBXBuildFile; fileRef = 516277FB1DFC70AA003BAA51 /* AppDelegate.swift */; };
		516278071DFC70AA003BAA51 /* Assets.xcassets in Resources */ = {isa = PBXBuildFile; fileRef = 516277FF1DFC70AA003BAA51 /* Assets.xcassets */; };
		516278081DFC70AA003BAA51 /* LaunchScreen.storyboard in Resources */ = {isa = PBXBuildFile; fileRef = 516278001DFC70AA003BAA51 /* LaunchScreen.storyboard */; };
		516278091DFC70AA003BAA51 /* Main.storyboard in Resources */ = {isa = PBXBuildFile; fileRef = 516278021DFC70AA003BAA51 /* Main.storyboard */; };
		5162780A1DFC70AA003BAA51 /* ViewController.swift in Sources */ = {isa = PBXBuildFile; fileRef = 516278041DFC70AA003BAA51 /* ViewController.swift */; };
		5162780E1DFC73B2003BAA51 /* ClothesStore.xcdatamodeld in Sources */ = {isa = PBXBuildFile; fileRef = 5162780C1DFC73B2003BAA51 /* ClothesStore.xcdatamodeld */; };
		516278111DFC7DE8003BAA51 /* Products.json in Resources */ = {isa = PBXBuildFile; fileRef = 516278101DFC7DE8003BAA51 /* Products.json */; };
		516278121DFC7DE8003BAA51 /* Products.json in Resources */ = {isa = PBXBuildFile; fileRef = 516278101DFC7DE8003BAA51 /* Products.json */; };
		516278141DFC7E9A003BAA51 /* Product.json in Resources */ = {isa = PBXBuildFile; fileRef = 516278131DFC7E9A003BAA51 /* Product.json */; };
		516278151DFC7E9A003BAA51 /* Product.json in Resources */ = {isa = PBXBuildFile; fileRef = 516278131DFC7E9A003BAA51 /* Product.json */; };
		516278171DFC995D003BAA51 /* DataController.swift in Sources */ = {isa = PBXBuildFile; fileRef = 516278161DFC995D003BAA51 /* DataController.swift */; };
		516278191DFC9C56003BAA51 /* ProductCategory.swift in Sources */ = {isa = PBXBuildFile; fileRef = 516278181DFC9C56003BAA51 /* ProductCategory.swift */; };
		5162781B1DFCA31B003BAA51 /* Product.swift in Sources */ = {isa = PBXBuildFile; fileRef = 5162781A1DFCA31B003BAA51 /* Product.swift */; };
		5162781D1DFCA6CB003BAA51 /* ProductCategoryTests.swift in Sources */ = {isa = PBXBuildFile; fileRef = 5162781C1DFCA6CB003BAA51 /* ProductCategoryTests.swift */; };
		516A8E821DFD62E70089CF78 /* ProductTests.swift in Sources */ = {isa = PBXBuildFile; fileRef = 516A8E811DFD62E70089CF78 /* ProductTests.swift */; };
		516A8E841DFD752E0089CF78 /* Catalogue.swift in Sources */ = {isa = PBXBuildFile; fileRef = 516A8E831DFD752E0089CF78 /* Catalogue.swift */; };
		516A8E861DFD78FD0089CF78 /* CatalogueTests.swift in Sources */ = {isa = PBXBuildFile; fileRef = 516A8E851DFD78FD0089CF78 /* CatalogueTests.swift */; };
		516A8E881DFD7FF10089CF78 /* Wishist.swift in Sources */ = {isa = PBXBuildFile; fileRef = 516A8E871DFD7FF10089CF78 /* Wishist.swift */; };
		516A8E8A1DFDAC200089CF78 /* Basket.swift in Sources */ = {isa = PBXBuildFile; fileRef = 516A8E891DFDAC200089CF78 /* Basket.swift */; };
		516A8E8C1DFDB0AA0089CF78 /* BasketTests.swift in Sources */ = {isa = PBXBuildFile; fileRef = 516A8E8B1DFDB0AA0089CF78 /* BasketTests.swift */; };
		516A8E8E1DFDB2360089CF78 /* WishListTests.swift in Sources */ = {isa = PBXBuildFile; fileRef = 516A8E8D1DFDB2360089CF78 /* WishListTests.swift */; };
		516A8E901DFDBB750089CF78 /* ApiService.swift in Sources */ = {isa = PBXBuildFile; fileRef = 516A8E8F1DFDBB750089CF78 /* ApiService.swift */; };
		516A8E921DFDC23A0089CF78 /* apiServicesTests.swift in Sources */ = {isa = PBXBuildFile; fileRef = 516A8E911DFDC23A0089CF78 /* apiServicesTests.swift */; };
		516A8E941DFDFA270089CF78 /* StoreController.swift in Sources */ = {isa = PBXBuildFile; fileRef = 516A8E931DFDFA270089CF78 /* StoreController.swift */; };
		516A8E981DFE46450089CF78 /* CatalogueTableViewCell.swift in Sources */ = {isa = PBXBuildFile; fileRef = 516A8E971DFE46450089CF78 /* CatalogueTableViewCell.swift */; };
		516A8E9A1DFE49460089CF78 /* CatalogueTableViewController.swift in Sources */ = {isa = PBXBuildFile; fileRef = 516A8E991DFE49460089CF78 /* CatalogueTableViewController.swift */; };
		516A8E9C1DFE698D0089CF78 /* DetailsViewController.swift in Sources */ = {isa = PBXBuildFile; fileRef = 516A8E9B1DFE698D0089CF78 /* DetailsViewController.swift */; };
		516A8EA21DFE7B6E0089CF78 /* BasketTableViewCell.swift in Sources */ = {isa = PBXBuildFile; fileRef = 516A8EA11DFE7B6E0089CF78 /* BasketTableViewCell.swift */; };
		516A8EA41DFE7B800089CF78 /* WishListTableViewCell.swift in Sources */ = {isa = PBXBuildFile; fileRef = 516A8EA31DFE7B800089CF78 /* WishListTableViewCell.swift */; };
		516A8EA61DFE7C250089CF78 /* BasketTableViewController.swift in Sources */ = {isa = PBXBuildFile; fileRef = 516A8EA51DFE7C250089CF78 /* BasketTableViewController.swift */; };
		516A8EA81DFE7C3F0089CF78 /* WishListTableViewController.swift in Sources */ = {isa = PBXBuildFile; fileRef = 516A8EA71DFE7C3F0089CF78 /* WishListTableViewController.swift */; };
		6F4E3220BE0A415E9480EB2D /* Pods_ClothesStoreTests.framework in Frameworks */ = {isa = PBXBuildFile; fileRef = 1FFF1F6D9A88D252965BE10C /* Pods_ClothesStoreTests.framework */; };
		858203C58B2B0E4F9F140E53 /* Pods_ClothesStoreUITests.framework in Frameworks */ = {isa = PBXBuildFile; fileRef = B441BA4A91980A7B396C6382 /* Pods_ClothesStoreUITests.framework */; };
/* End PBXBuildFile section */

/* Begin PBXContainerItemProxy section */
		516277DE1DFC6FA2003BAA51 /* PBXContainerItemProxy */ = {
			isa = PBXContainerItemProxy;
			containerPortal = 516277BE1DFC6FA1003BAA51 /* Project object */;
			proxyType = 1;
			remoteGlobalIDString = 516277C51DFC6FA2003BAA51;
			remoteInfo = ClothesStore;
		};
		516277E91DFC6FA2003BAA51 /* PBXContainerItemProxy */ = {
			isa = PBXContainerItemProxy;
			containerPortal = 516277BE1DFC6FA1003BAA51 /* Project object */;
			proxyType = 1;
			remoteGlobalIDString = 516277C51DFC6FA2003BAA51;
			remoteInfo = ClothesStore;
		};
/* End PBXContainerItemProxy section */

/* Begin PBXFileReference section */
		1FFF1F6D9A88D252965BE10C /* Pods_ClothesStoreTests.framework */ = {isa = PBXFileReference; explicitFileType = wrapper.framework; includeInIndex = 0; path = Pods_ClothesStoreTests.framework; sourceTree = BUILT_PRODUCTS_DIR; };
		516277C61DFC6FA2003BAA51 /* ClothesStore.app */ = {isa = PBXFileReference; explicitFileType = wrapper.application; includeInIndex = 0; path = ClothesStore.app; sourceTree = BUILT_PRODUCTS_DIR; };
		516277D81DFC6FA2003BAA51 /* Info.plist */ = {isa = PBXFileReference; lastKnownFileType = text.plist.xml; path = Info.plist; sourceTree = "<group>"; };
		516277DD1DFC6FA2003BAA51 /* ClothesStoreTests.xctest */ = {isa = PBXFileReference; explicitFileType = wrapper.cfbundle; includeInIndex = 0; path = ClothesStoreTests.xctest; sourceTree = BUILT_PRODUCTS_DIR; };
		516277E11DFC6FA2003BAA51 /* ClothesStoreTests.swift */ = {isa = PBXFileReference; lastKnownFileType = sourcecode.swift; path = ClothesStoreTests.swift; sourceTree = "<group>"; };
		516277E31DFC6FA2003BAA51 /* Info.plist */ = {isa = PBXFileReference; lastKnownFileType = text.plist.xml; path = Info.plist; sourceTree = "<group>"; };
		516277E81DFC6FA2003BAA51 /* ClothesStoreUITests.xctest */ = {isa = PBXFileReference; explicitFileType = wrapper.cfbundle; includeInIndex = 0; path = ClothesStoreUITests.xctest; sourceTree = BUILT_PRODUCTS_DIR; };
		516277EC1DFC6FA2003BAA51 /* ClothesStoreUITests.swift */ = {isa = PBXFileReference; lastKnownFileType = sourcecode.swift; path = ClothesStoreUITests.swift; sourceTree = "<group>"; };
		516277EE1DFC6FA2003BAA51 /* Info.plist */ = {isa = PBXFileReference; lastKnownFileType = text.plist.xml; path = Info.plist; sourceTree = "<group>"; };
		516277FB1DFC70AA003BAA51 /* AppDelegate.swift */ = {isa = PBXFileReference; fileEncoding = 4; lastKnownFileType = sourcecode.swift; path = AppDelegate.swift; sourceTree = "<group>"; };
		516277FF1DFC70AA003BAA51 /* Assets.xcassets */ = {isa = PBXFileReference; lastKnownFileType = folder.assetcatalog; path = Assets.xcassets; sourceTree = "<group>"; };
		516278011DFC70AA003BAA51 /* Base */ = {isa = PBXFileReference; lastKnownFileType = file.storyboard; name = Base; path = Base.lproj/LaunchScreen.storyboard; sourceTree = "<group>"; };
		516278031DFC70AA003BAA51 /* Base */ = {isa = PBXFileReference; lastKnownFileType = file.storyboard; name = Base; path = Base.lproj/Main.storyboard; sourceTree = "<group>"; };
		516278041DFC70AA003BAA51 /* ViewController.swift */ = {isa = PBXFileReference; fileEncoding = 4; lastKnownFileType = sourcecode.swift; path = ViewController.swift; sourceTree = "<group>"; };
		5162780D1DFC73B2003BAA51 /* ClothesStore.xcdatamodel */ = {isa = PBXFileReference; lastKnownFileType = wrapper.xcdatamodel; path = ClothesStore.xcdatamodel; sourceTree = "<group>"; };
		516278101DFC7DE8003BAA51 /* Products.json */ = {isa = PBXFileReference; fileEncoding = 4; lastKnownFileType = text.json; path = Products.json; sourceTree = "<group>"; };
		516278131DFC7E9A003BAA51 /* Product.json */ = {isa = PBXFileReference; fileEncoding = 4; lastKnownFileType = text.json; path = Product.json; sourceTree = "<group>"; };
		516278161DFC995D003BAA51 /* DataController.swift */ = {isa = PBXFileReference; fileEncoding = 4; lastKnownFileType = sourcecode.swift; path = DataController.swift; sourceTree = "<group>"; };
		516278181DFC9C56003BAA51 /* ProductCategory.swift */ = {isa = PBXFileReference; fileEncoding = 4; lastKnownFileType = sourcecode.swift; path = ProductCategory.swift; sourceTree = "<group>"; };
		5162781A1DFCA31B003BAA51 /* Product.swift */ = {isa = PBXFileReference; fileEncoding = 4; lastKnownFileType = sourcecode.swift; path = Product.swift; sourceTree = "<group>"; };
		5162781C1DFCA6CB003BAA51 /* ProductCategoryTests.swift */ = {isa = PBXFileReference; fileEncoding = 4; lastKnownFileType = sourcecode.swift; path = ProductCategoryTests.swift; sourceTree = "<group>"; };
		516A8E811DFD62E70089CF78 /* ProductTests.swift */ = {isa = PBXFileReference; fileEncoding = 4; lastKnownFileType = sourcecode.swift; path = ProductTests.swift; sourceTree = "<group>"; };
		516A8E831DFD752E0089CF78 /* Catalogue.swift */ = {isa = PBXFileReference; fileEncoding = 4; lastKnownFileType = sourcecode.swift; path = Catalogue.swift; sourceTree = "<group>"; };
		516A8E851DFD78FD0089CF78 /* CatalogueTests.swift */ = {isa = PBXFileReference; fileEncoding = 4; lastKnownFileType = sourcecode.swift; path = CatalogueTests.swift; sourceTree = "<group>"; };
		516A8E871DFD7FF10089CF78 /* Wishist.swift */ = {isa = PBXFileReference; fileEncoding = 4; lastKnownFileType = sourcecode.swift; path = Wishist.swift; sourceTree = "<group>"; };
		516A8E891DFDAC200089CF78 /* Basket.swift */ = {isa = PBXFileReference; fileEncoding = 4; lastKnownFileType = sourcecode.swift; path = Basket.swift; sourceTree = "<group>"; };
		516A8E8B1DFDB0AA0089CF78 /* BasketTests.swift */ = {isa = PBXFileReference; fileEncoding = 4; lastKnownFileType = sourcecode.swift; path = BasketTests.swift; sourceTree = "<group>"; };
		516A8E8D1DFDB2360089CF78 /* WishListTests.swift */ = {isa = PBXFileReference; fileEncoding = 4; lastKnownFileType = sourcecode.swift; path = WishListTests.swift; sourceTree = "<group>"; };
		516A8E8F1DFDBB750089CF78 /* ApiService.swift */ = {isa = PBXFileReference; fileEncoding = 4; lastKnownFileType = sourcecode.swift; path = ApiService.swift; sourceTree = "<group>"; };
		516A8E911DFDC23A0089CF78 /* apiServicesTests.swift */ = {isa = PBXFileReference; fileEncoding = 4; lastKnownFileType = sourcecode.swift; path = apiServicesTests.swift; sourceTree = "<group>"; };
		516A8E931DFDFA270089CF78 /* StoreController.swift */ = {isa = PBXFileReference; fileEncoding = 4; lastKnownFileType = sourcecode.swift; path = StoreController.swift; sourceTree = "<group>"; };
		516A8E971DFE46450089CF78 /* CatalogueTableViewCell.swift */ = {isa = PBXFileReference; fileEncoding = 4; lastKnownFileType = sourcecode.swift; path = CatalogueTableViewCell.swift; sourceTree = "<group>"; };
		516A8E991DFE49460089CF78 /* CatalogueTableViewController.swift */ = {isa = PBXFileReference; fileEncoding = 4; lastKnownFileType = sourcecode.swift; path = CatalogueTableViewController.swift; sourceTree = "<group>"; };
		516A8E9B1DFE698D0089CF78 /* DetailsViewController.swift */ = {isa = PBXFileReference; fileEncoding = 4; lastKnownFileType = sourcecode.swift; path = DetailsViewController.swift; sourceTree = "<group>"; };
		516A8EA11DFE7B6E0089CF78 /* BasketTableViewCell.swift */ = {isa = PBXFileReference; fileEncoding = 4; lastKnownFileType = sourcecode.swift; path = BasketTableViewCell.swift; sourceTree = "<group>"; };
		516A8EA31DFE7B800089CF78 /* WishListTableViewCell.swift */ = {isa = PBXFileReference; fileEncoding = 4; lastKnownFileType = sourcecode.swift; path = WishListTableViewCell.swift; sourceTree = "<group>"; };
		516A8EA51DFE7C250089CF78 /* BasketTableViewController.swift */ = {isa = PBXFileReference; fileEncoding = 4; lastKnownFileType = sourcecode.swift; path = BasketTableViewController.swift; sourceTree = "<group>"; };
		516A8EA71DFE7C3F0089CF78 /* WishListTableViewController.swift */ = {isa = PBXFileReference; fileEncoding = 4; lastKnownFileType = sourcecode.swift; path = WishListTableViewController.swift; sourceTree = "<group>"; };
		52B13BF6100BB78247D5FEFD /* Pods-ClothesStoreUITests.release.xcconfig */ = {isa = PBXFileReference; includeInIndex = 1; lastKnownFileType = text.xcconfig; name = "Pods-ClothesStoreUITests.release.xcconfig"; path = "Pods/Target Support Files/Pods-ClothesStoreUITests/Pods-ClothesStoreUITests.release.xcconfig"; sourceTree = "<group>"; };
		78EBFD6419F225064CF324C2 /* Pods-ClothesStoreTests.release.xcconfig */ = {isa = PBXFileReference; includeInIndex = 1; lastKnownFileType = text.xcconfig; name = "Pods-ClothesStoreTests.release.xcconfig"; path = "Pods/Target Support Files/Pods-ClothesStoreTests/Pods-ClothesStoreTests.release.xcconfig"; sourceTree = "<group>"; };
		9E1FCB0E01A1AA6643AF59DB /* Pods-ClothesStoreTests.debug.xcconfig */ = {isa = PBXFileReference; includeInIndex = 1; lastKnownFileType = text.xcconfig; name = "Pods-ClothesStoreTests.debug.xcconfig"; path = "Pods/Target Support Files/Pods-ClothesStoreTests/Pods-ClothesStoreTests.debug.xcconfig"; sourceTree = "<group>"; };
		A4E6F1D4D872AC0DC8472407 /* Pods_ClothesStore.framework */ = {isa = PBXFileReference; explicitFileType = wrapper.framework; includeInIndex = 0; path = Pods_ClothesStore.framework; sourceTree = BUILT_PRODUCTS_DIR; };
		B441BA4A91980A7B396C6382 /* Pods_ClothesStoreUITests.framework */ = {isa = PBXFileReference; explicitFileType = wrapper.framework; includeInIndex = 0; path = Pods_ClothesStoreUITests.framework; sourceTree = BUILT_PRODUCTS_DIR; };
		B6124AA8CBE26F292F668BC1 /* Pods-ClothesStore.debug.xcconfig */ = {isa = PBXFileReference; includeInIndex = 1; lastKnownFileType = text.xcconfig; name = "Pods-ClothesStore.debug.xcconfig"; path = "Pods/Target Support Files/Pods-ClothesStore/Pods-ClothesStore.debug.xcconfig"; sourceTree = "<group>"; };
		DFB887D75F80E722E1425657 /* Pods-ClothesStore.release.xcconfig */ = {isa = PBXFileReference; includeInIndex = 1; lastKnownFileType = text.xcconfig; name = "Pods-ClothesStore.release.xcconfig"; path = "Pods/Target Support Files/Pods-ClothesStore/Pods-ClothesStore.release.xcconfig"; sourceTree = "<group>"; };
		F06C3458A7EAC71EBEE78A23 /* Pods-ClothesStoreUITests.debug.xcconfig */ = {isa = PBXFileReference; includeInIndex = 1; lastKnownFileType = text.xcconfig; name = "Pods-ClothesStoreUITests.debug.xcconfig"; path = "Pods/Target Support Files/Pods-ClothesStoreUITests/Pods-ClothesStoreUITests.debug.xcconfig"; sourceTree = "<group>"; };
/* End PBXFileReference section */

/* Begin PBXFrameworksBuildPhase section */
		516277C31DFC6FA2003BAA51 /* Frameworks */ = {
			isa = PBXFrameworksBuildPhase;
			buildActionMask = 2147483647;
			files = (
				024475CF469295B94ABC817A /* Pods_ClothesStore.framework in Frameworks */,
			);
			runOnlyForDeploymentPostprocessing = 0;
		};
		516277DA1DFC6FA2003BAA51 /* Frameworks */ = {
			isa = PBXFrameworksBuildPhase;
			buildActionMask = 2147483647;
			files = (
				6F4E3220BE0A415E9480EB2D /* Pods_ClothesStoreTests.framework in Frameworks */,
			);
			runOnlyForDeploymentPostprocessing = 0;
		};
		516277E51DFC6FA2003BAA51 /* Frameworks */ = {
			isa = PBXFrameworksBuildPhase;
			buildActionMask = 2147483647;
			files = (
				858203C58B2B0E4F9F140E53 /* Pods_ClothesStoreUITests.framework in Frameworks */,
			);
			runOnlyForDeploymentPostprocessing = 0;
		};
/* End PBXFrameworksBuildPhase section */

/* Begin PBXGroup section */
		516277BD1DFC6FA1003BAA51 = {
			isa = PBXGroup;
			children = (
				516277C81DFC6FA2003BAA51 /* ClothesStore */,
				516277E01DFC6FA2003BAA51 /* ClothesStoreTests */,
				516277EB1DFC6FA2003BAA51 /* ClothesStoreUITests */,
				516277C71DFC6FA2003BAA51 /* Products */,
				AB0A620CFDCCB20BCE54E1C2 /* Pods */,
				63CC42A54A6D7C4FC09C84EF /* Frameworks */,
			);
			sourceTree = "<group>";
		};
		516277C71DFC6FA2003BAA51 /* Products */ = {
			isa = PBXGroup;
			children = (
				516277C61DFC6FA2003BAA51 /* ClothesStore.app */,
				516277DD1DFC6FA2003BAA51 /* ClothesStoreTests.xctest */,
				516277E81DFC6FA2003BAA51 /* ClothesStoreUITests.xctest */,
			);
			name = Products;
			sourceTree = "<group>";
		};
		516277C81DFC6FA2003BAA51 /* ClothesStore */ = {
			isa = PBXGroup;
			children = (
				516277FA1DFC70AA003BAA51 /* Core */,
				516277FE1DFC70AA003BAA51 /* UI */,
				516277D81DFC6FA2003BAA51 /* Info.plist */,
			);
			path = ClothesStore;
			sourceTree = "<group>";
		};
		516277E01DFC6FA2003BAA51 /* ClothesStoreTests */ = {
			isa = PBXGroup;
			children = (
				5162780F1DFC7DCD003BAA51 /* JSON */,
				516277E11DFC6FA2003BAA51 /* ClothesStoreTests.swift */,
				516277E31DFC6FA2003BAA51 /* Info.plist */,
				5162781C1DFCA6CB003BAA51 /* ProductCategoryTests.swift */,
				516A8E811DFD62E70089CF78 /* ProductTests.swift */,
				516A8E851DFD78FD0089CF78 /* CatalogueTests.swift */,
				516A8E8B1DFDB0AA0089CF78 /* BasketTests.swift */,
				516A8E8D1DFDB2360089CF78 /* WishListTests.swift */,
				516A8E911DFDC23A0089CF78 /* apiServicesTests.swift */,
			);
			path = ClothesStoreTests;
			sourceTree = "<group>";
		};
		516277EB1DFC6FA2003BAA51 /* ClothesStoreUITests */ = {
			isa = PBXGroup;
			children = (
				516277EC1DFC6FA2003BAA51 /* ClothesStoreUITests.swift */,
				516277EE1DFC6FA2003BAA51 /* Info.plist */,
			);
			path = ClothesStoreUITests;
			sourceTree = "<group>";
		};
		516277FA1DFC70AA003BAA51 /* Core */ = {
			isa = PBXGroup;
			children = (
				5162780B1DFC73B2003BAA51 /* CoreData */,
				516277FB1DFC70AA003BAA51 /* AppDelegate.swift */,
				516A8E8F1DFDBB750089CF78 /* ApiService.swift */,
				516A8E931DFDFA270089CF78 /* StoreController.swift */,
			);
			path = Core;
			sourceTree = "<group>";
		};
		516277FE1DFC70AA003BAA51 /* UI */ = {
			isa = PBXGroup;
			children = (
				516277FF1DFC70AA003BAA51 /* Assets.xcassets */,
				516278001DFC70AA003BAA51 /* LaunchScreen.storyboard */,
				516278021DFC70AA003BAA51 /* Main.storyboard */,
				516278041DFC70AA003BAA51 /* ViewController.swift */,
				516A8E971DFE46450089CF78 /* CatalogueTableViewCell.swift */,
				516A8E991DFE49460089CF78 /* CatalogueTableViewController.swift */,
				516A8E9B1DFE698D0089CF78 /* DetailsViewController.swift */,
				516A8EA11DFE7B6E0089CF78 /* BasketTableViewCell.swift */,
				516A8EA31DFE7B800089CF78 /* WishListTableViewCell.swift */,
				516A8EA51DFE7C250089CF78 /* BasketTableViewController.swift */,
				516A8EA71DFE7C3F0089CF78 /* WishListTableViewController.swift */,
			);
			path = UI;
			sourceTree = "<group>";
		};
		5162780B1DFC73B2003BAA51 /* CoreData */ = {
			isa = PBXGroup;
			children = (
				5162780C1DFC73B2003BAA51 /* ClothesStore.xcdatamodeld */,
				516278161DFC995D003BAA51 /* DataController.swift */,
				516278181DFC9C56003BAA51 /* ProductCategory.swift */,
				5162781A1DFCA31B003BAA51 /* Product.swift */,
				516A8E831DFD752E0089CF78 /* Catalogue.swift */,
				516A8E871DFD7FF10089CF78 /* Wishist.swift */,
				516A8E891DFDAC200089CF78 /* Basket.swift */,
			);
			path = CoreData;
			sourceTree = "<group>";
		};
		5162780F1DFC7DCD003BAA51 /* JSON */ = {
			isa = PBXGroup;
			children = (
				516278101DFC7DE8003BAA51 /* Products.json */,
				516278131DFC7E9A003BAA51 /* Product.json */,
			);
			path = JSON;
			sourceTree = "<group>";
		};
		63CC42A54A6D7C4FC09C84EF /* Frameworks */ = {
			isa = PBXGroup;
			children = (
				A4E6F1D4D872AC0DC8472407 /* Pods_ClothesStore.framework */,
				1FFF1F6D9A88D252965BE10C /* Pods_ClothesStoreTests.framework */,
				B441BA4A91980A7B396C6382 /* Pods_ClothesStoreUITests.framework */,
			);
			name = Frameworks;
			sourceTree = "<group>";
		};
		AB0A620CFDCCB20BCE54E1C2 /* Pods */ = {
			isa = PBXGroup;
			children = (
				B6124AA8CBE26F292F668BC1 /* Pods-ClothesStore.debug.xcconfig */,
				DFB887D75F80E722E1425657 /* Pods-ClothesStore.release.xcconfig */,
				9E1FCB0E01A1AA6643AF59DB /* Pods-ClothesStoreTests.debug.xcconfig */,
				78EBFD6419F225064CF324C2 /* Pods-ClothesStoreTests.release.xcconfig */,
				F06C3458A7EAC71EBEE78A23 /* Pods-ClothesStoreUITests.debug.xcconfig */,
				52B13BF6100BB78247D5FEFD /* Pods-ClothesStoreUITests.release.xcconfig */,
			);
			name = Pods;
			sourceTree = "<group>";
		};
/* End PBXGroup section */

/* Begin PBXNativeTarget section */
		516277C51DFC6FA2003BAA51 /* ClothesStore */ = {
			isa = PBXNativeTarget;
			buildConfigurationList = 516277F11DFC6FA2003BAA51 /* Build configuration list for PBXNativeTarget "ClothesStore" */;
			buildPhases = (
				6031557AB341E656284FCB45 /* [CP] Check Pods Manifest.lock */,
				516277C21DFC6FA2003BAA51 /* Sources */,
				516277C31DFC6FA2003BAA51 /* Frameworks */,
				516277C41DFC6FA2003BAA51 /* Resources */,
				F6F2BC18104EB54DDC52C756 /* [CP] Embed Pods Frameworks */,
				783BAB9EAF7301A85969B11F /* [CP] Copy Pods Resources */,
			);
			buildRules = (
			);
			dependencies = (
			);
			name = ClothesStore;
			productName = ClothesStore;
			productReference = 516277C61DFC6FA2003BAA51 /* ClothesStore.app */;
			productType = "com.apple.product-type.application";
		};
		516277DC1DFC6FA2003BAA51 /* ClothesStoreTests */ = {
			isa = PBXNativeTarget;
			buildConfigurationList = 516277F41DFC6FA2003BAA51 /* Build configuration list for PBXNativeTarget "ClothesStoreTests" */;
			buildPhases = (
				89DCA9FB994D0C0C978D076F /* [CP] Check Pods Manifest.lock */,
				516277D91DFC6FA2003BAA51 /* Sources */,
				516277DA1DFC6FA2003BAA51 /* Frameworks */,
				516277DB1DFC6FA2003BAA51 /* Resources */,
				B9F6897818E3FA98D1DDF172 /* [CP] Embed Pods Frameworks */,
				9A4001046BA9D88EEB775205 /* [CP] Copy Pods Resources */,
			);
			buildRules = (
			);
			dependencies = (
				516277DF1DFC6FA2003BAA51 /* PBXTargetDependency */,
			);
			name = ClothesStoreTests;
			productName = ClothesStoreTests;
			productReference = 516277DD1DFC6FA2003BAA51 /* ClothesStoreTests.xctest */;
			productType = "com.apple.product-type.bundle.unit-test";
		};
		516277E71DFC6FA2003BAA51 /* ClothesStoreUITests */ = {
			isa = PBXNativeTarget;
			buildConfigurationList = 516277F71DFC6FA2003BAA51 /* Build configuration list for PBXNativeTarget "ClothesStoreUITests" */;
			buildPhases = (
				0324C14D189BED6E0E097BF3 /* [CP] Check Pods Manifest.lock */,
				516277E41DFC6FA2003BAA51 /* Sources */,
				516277E51DFC6FA2003BAA51 /* Frameworks */,
				516277E61DFC6FA2003BAA51 /* Resources */,
				10C2822CBA5E50F4DCC46C1A /* [CP] Embed Pods Frameworks */,
				9D548E83E6096ACB2AD2D15D /* [CP] Copy Pods Resources */,
			);
			buildRules = (
			);
			dependencies = (
				516277EA1DFC6FA2003BAA51 /* PBXTargetDependency */,
			);
			name = ClothesStoreUITests;
			productName = ClothesStoreUITests;
			productReference = 516277E81DFC6FA2003BAA51 /* ClothesStoreUITests.xctest */;
			productType = "com.apple.product-type.bundle.ui-testing";
		};
/* End PBXNativeTarget section */

/* Begin PBXProject section */
		516277BE1DFC6FA1003BAA51 /* Project object */ = {
			isa = PBXProject;
			attributes = {
				LastSwiftUpdateCheck = 0810;
				LastUpgradeCheck = 0810;
				ORGANIZATIONNAME = "Alexandre Malkov";
				TargetAttributes = {
					516277C51DFC6FA2003BAA51 = {
						CreatedOnToolsVersion = 8.1;
						DevelopmentTeam = C2UFGA4H52;
						ProvisioningStyle = Automatic;
					};
					516277DC1DFC6FA2003BAA51 = {
						CreatedOnToolsVersion = 8.1;
						DevelopmentTeam = C2UFGA4H52;
						ProvisioningStyle = Automatic;
						TestTargetID = 516277C51DFC6FA2003BAA51;
					};
					516277E71DFC6FA2003BAA51 = {
						CreatedOnToolsVersion = 8.1;
						DevelopmentTeam = C2UFGA4H52;
						ProvisioningStyle = Automatic;
						TestTargetID = 516277C51DFC6FA2003BAA51;
					};
				};
			};
			buildConfigurationList = 516277C11DFC6FA1003BAA51 /* Build configuration list for PBXProject "ClothesStore" */;
			compatibilityVersion = "Xcode 3.2";
			developmentRegion = English;
			hasScannedForEncodings = 0;
			knownRegions = (
				en,
				Base,
			);
			mainGroup = 516277BD1DFC6FA1003BAA51;
			productRefGroup = 516277C71DFC6FA2003BAA51 /* Products */;
			projectDirPath = "";
			projectRoot = "";
			targets = (
				516277C51DFC6FA2003BAA51 /* ClothesStore */,
				516277DC1DFC6FA2003BAA51 /* ClothesStoreTests */,
				516277E71DFC6FA2003BAA51 /* ClothesStoreUITests */,
			);
		};
/* End PBXProject section */

/* Begin PBXResourcesBuildPhase section */
		516277C41DFC6FA2003BAA51 /* Resources */ = {
			isa = PBXResourcesBuildPhase;
			buildActionMask = 2147483647;
			files = (
				516278091DFC70AA003BAA51 /* Main.storyboard in Resources */,
				516278111DFC7DE8003BAA51 /* Products.json in Resources */,
				516278071DFC70AA003BAA51 /* Assets.xcassets in Resources */,
				516278141DFC7E9A003BAA51 /* Product.json in Resources */,
				516278081DFC70AA003BAA51 /* LaunchScreen.storyboard in Resources */,
			);
			runOnlyForDeploymentPostprocessing = 0;
		};
		516277DB1DFC6FA2003BAA51 /* Resources */ = {
			isa = PBXResourcesBuildPhase;
			buildActionMask = 2147483647;
			files = (
				516278121DFC7DE8003BAA51 /* Products.json in Resources */,
				516278151DFC7E9A003BAA51 /* Product.json in Resources */,
			);
			runOnlyForDeploymentPostprocessing = 0;
		};
		516277E61DFC6FA2003BAA51 /* Resources */ = {
			isa = PBXResourcesBuildPhase;
			buildActionMask = 2147483647;
			files = (
			);
			runOnlyForDeploymentPostprocessing = 0;
		};
/* End PBXResourcesBuildPhase section */

/* Begin PBXShellScriptBuildPhase section */
		0324C14D189BED6E0E097BF3 /* [CP] Check Pods Manifest.lock */ = {
			isa = PBXShellScriptBuildPhase;
			buildActionMask = 2147483647;
			files = (
			);
			inputPaths = (
			);
			name = "[CP] Check Pods Manifest.lock";
			outputPaths = (
			);
			runOnlyForDeploymentPostprocessing = 0;
			shellPath = /bin/sh;
			shellScript = "diff \"${PODS_ROOT}/../Podfile.lock\" \"${PODS_ROOT}/Manifest.lock\" > /dev/null\nif [ $? != 0 ] ; then\n    # print error to STDERR\n    echo \"error: The sandbox is not in sync with the Podfile.lock. Run 'pod install' or update your CocoaPods installation.\" >&2\n    exit 1\nfi\n";
			showEnvVarsInLog = 0;
		};
		10C2822CBA5E50F4DCC46C1A /* [CP] Embed Pods Frameworks */ = {
			isa = PBXShellScriptBuildPhase;
			buildActionMask = 2147483647;
			files = (
			);
			inputPaths = (
			);
			name = "[CP] Embed Pods Frameworks";
			outputPaths = (
			);
			runOnlyForDeploymentPostprocessing = 0;
			shellPath = /bin/sh;
			shellScript = "\"${SRCROOT}/Pods/Target Support Files/Pods-ClothesStoreUITests/Pods-ClothesStoreUITests-frameworks.sh\"\n";
			showEnvVarsInLog = 0;
		};
		6031557AB341E656284FCB45 /* [CP] Check Pods Manifest.lock */ = {
			isa = PBXShellScriptBuildPhase;
			buildActionMask = 2147483647;
			files = (
			);
			inputPaths = (
			);
			name = "[CP] Check Pods Manifest.lock";
			outputPaths = (
			);
			runOnlyForDeploymentPostprocessing = 0;
			shellPath = /bin/sh;
			shellScript = "diff \"${PODS_ROOT}/../Podfile.lock\" \"${PODS_ROOT}/Manifest.lock\" > /dev/null\nif [ $? != 0 ] ; then\n    # print error to STDERR\n    echo \"error: The sandbox is not in sync with the Podfile.lock. Run 'pod install' or update your CocoaPods installation.\" >&2\n    exit 1\nfi\n";
			showEnvVarsInLog = 0;
		};
		783BAB9EAF7301A85969B11F /* [CP] Copy Pods Resources */ = {
			isa = PBXShellScriptBuildPhase;
			buildActionMask = 2147483647;
			files = (
			);
			inputPaths = (
			);
			name = "[CP] Copy Pods Resources";
			outputPaths = (
			);
			runOnlyForDeploymentPostprocessing = 0;
			shellPath = /bin/sh;
			shellScript = "\"${SRCROOT}/Pods/Target Support Files/Pods-ClothesStore/Pods-ClothesStore-resources.sh\"\n";
			showEnvVarsInLog = 0;
		};
		89DCA9FB994D0C0C978D076F /* [CP] Check Pods Manifest.lock */ = {
			isa = PBXShellScriptBuildPhase;
			buildActionMask = 2147483647;
			files = (
			);
			inputPaths = (
			);
			name = "[CP] Check Pods Manifest.lock";
			outputPaths = (
			);
			runOnlyForDeploymentPostprocessing = 0;
			shellPath = /bin/sh;
			shellScript = "diff \"${PODS_ROOT}/../Podfile.lock\" \"${PODS_ROOT}/Manifest.lock\" > /dev/null\nif [ $? != 0 ] ; then\n    # print error to STDERR\n    echo \"error: The sandbox is not in sync with the Podfile.lock. Run 'pod install' or update your CocoaPods installation.\" >&2\n    exit 1\nfi\n";
			showEnvVarsInLog = 0;
		};
		9A4001046BA9D88EEB775205 /* [CP] Copy Pods Resources */ = {
			isa = PBXShellScriptBuildPhase;
			buildActionMask = 2147483647;
			files = (
			);
			inputPaths = (
			);
			name = "[CP] Copy Pods Resources";
			outputPaths = (
			);
			runOnlyForDeploymentPostprocessing = 0;
			shellPath = /bin/sh;
			shellScript = "\"${SRCROOT}/Pods/Target Support Files/Pods-ClothesStoreTests/Pods-ClothesStoreTests-resources.sh\"\n";
			showEnvVarsInLog = 0;
		};
		9D548E83E6096ACB2AD2D15D /* [CP] Copy Pods Resources */ = {
			isa = PBXShellScriptBuildPhase;
			buildActionMask = 2147483647;
			files = (
			);
			inputPaths = (
			);
			name = "[CP] Copy Pods Resources";
			outputPaths = (
			);
			runOnlyForDeploymentPostprocessing = 0;
			shellPath = /bin/sh;
			shellScript = "\"${SRCROOT}/Pods/Target Support Files/Pods-ClothesStoreUITests/Pods-ClothesStoreUITests-resources.sh\"\n";
			showEnvVarsInLog = 0;
		};
		B9F6897818E3FA98D1DDF172 /* [CP] Embed Pods Frameworks */ = {
			isa = PBXShellScriptBuildPhase;
			buildActionMask = 2147483647;
			files = (
			);
			inputPaths = (
			);
			name = "[CP] Embed Pods Frameworks";
			outputPaths = (
			);
			runOnlyForDeploymentPostprocessing = 0;
			shellPath = /bin/sh;
			shellScript = "\"${SRCROOT}/Pods/Target Support Files/Pods-ClothesStoreTests/Pods-ClothesStoreTests-frameworks.sh\"\n";
			showEnvVarsInLog = 0;
		};
		F6F2BC18104EB54DDC52C756 /* [CP] Embed Pods Frameworks */ = {
			isa = PBXShellScriptBuildPhase;
			buildActionMask = 2147483647;
			files = (
			);
			inputPaths = (
			);
			name = "[CP] Embed Pods Frameworks";
			outputPaths = (
			);
			runOnlyForDeploymentPostprocessing = 0;
			shellPath = /bin/sh;
			shellScript = "\"${SRCROOT}/Pods/Target Support Files/Pods-ClothesStore/Pods-ClothesStore-frameworks.sh\"\n";
			showEnvVarsInLog = 0;
		};
/* End PBXShellScriptBuildPhase section */

/* Begin PBXSourcesBuildPhase section */
		516277C21DFC6FA2003BAA51 /* Sources */ = {
			isa = PBXSourcesBuildPhase;
			buildActionMask = 2147483647;
			files = (
				516A8EA81DFE7C3F0089CF78 /* WishListTableViewController.swift in Sources */,
				5162780A1DFC70AA003BAA51 /* ViewController.swift in Sources */,
				516A8EA61DFE7C250089CF78 /* BasketTableViewController.swift in Sources */,
				516278191DFC9C56003BAA51 /* ProductCategory.swift in Sources */,
				516278171DFC995D003BAA51 /* DataController.swift in Sources */,
				516A8E881DFD7FF10089CF78 /* Wishist.swift in Sources */,
				516278051DFC70AA003BAA51 /* AppDelegate.swift in Sources */,
				5162780E1DFC73B2003BAA51 /* ClothesStore.xcdatamodeld in Sources */,
				516A8E901DFDBB750089CF78 /* ApiService.swift in Sources */,
				516A8EA21DFE7B6E0089CF78 /* BasketTableViewCell.swift in Sources */,
				516A8E8A1DFDAC200089CF78 /* Basket.swift in Sources */,
				516A8E9A1DFE49460089CF78 /* CatalogueTableViewController.swift in Sources */,
				516A8E841DFD752E0089CF78 /* Catalogue.swift in Sources */,
				5162781B1DFCA31B003BAA51 /* Product.swift in Sources */,
				516A8E9C1DFE698D0089CF78 /* DetailsViewController.swift in Sources */,
				516A8EA41DFE7B800089CF78 /* WishListTableViewCell.swift in Sources */,
				516A8E941DFDFA270089CF78 /* StoreController.swift in Sources */,
				516A8E981DFE46450089CF78 /* CatalogueTableViewCell.swift in Sources */,
			);
			runOnlyForDeploymentPostprocessing = 0;
		};
		516277D91DFC6FA2003BAA51 /* Sources */ = {
			isa = PBXSourcesBuildPhase;
			buildActionMask = 2147483647;
			files = (
				516277E21DFC6FA2003BAA51 /* ClothesStoreTests.swift in Sources */,
				516A8E8C1DFDB0AA0089CF78 /* BasketTests.swift in Sources */,
				516A8E921DFDC23A0089CF78 /* apiServicesTests.swift in Sources */,
				516A8E8E1DFDB2360089CF78 /* WishListTests.swift in Sources */,
				5162781D1DFCA6CB003BAA51 /* ProductCategoryTests.swift in Sources */,
				516A8E821DFD62E70089CF78 /* ProductTests.swift in Sources */,
				516A8E861DFD78FD0089CF78 /* CatalogueTests.swift in Sources */,
			);
			runOnlyForDeploymentPostprocessing = 0;
		};
		516277E41DFC6FA2003BAA51 /* Sources */ = {
			isa = PBXSourcesBuildPhase;
			buildActionMask = 2147483647;
			files = (
				516277ED1DFC6FA2003BAA51 /* ClothesStoreUITests.swift in Sources */,
			);
			runOnlyForDeploymentPostprocessing = 0;
		};
/* End PBXSourcesBuildPhase section */

/* Begin PBXTargetDependency section */
		516277DF1DFC6FA2003BAA51 /* PBXTargetDependency */ = {
			isa = PBXTargetDependency;
			target = 516277C51DFC6FA2003BAA51 /* ClothesStore */;
			targetProxy = 516277DE1DFC6FA2003BAA51 /* PBXContainerItemProxy */;
		};
		516277EA1DFC6FA2003BAA51 /* PBXTargetDependency */ = {
			isa = PBXTargetDependency;
			target = 516277C51DFC6FA2003BAA51 /* ClothesStore */;
			targetProxy = 516277E91DFC6FA2003BAA51 /* PBXContainerItemProxy */;
		};
/* End PBXTargetDependency section */

/* Begin PBXVariantGroup section */
		516278001DFC70AA003BAA51 /* LaunchScreen.storyboard */ = {
			isa = PBXVariantGroup;
			children = (
				516278011DFC70AA003BAA51 /* Base */,
			);
			name = LaunchScreen.storyboard;
			sourceTree = "<group>";
		};
		516278021DFC70AA003BAA51 /* Main.storyboard */ = {
			isa = PBXVariantGroup;
			children = (
				516278031DFC70AA003BAA51 /* Base */,
			);
			name = Main.storyboard;
			sourceTree = "<group>";
		};
/* End PBXVariantGroup section */

/* Begin XCBuildConfiguration section */
		516277EF1DFC6FA2003BAA51 /* Debug */ = {
			isa = XCBuildConfiguration;
			buildSettings = {
				ALWAYS_SEARCH_USER_PATHS = NO;
				CLANG_ANALYZER_NONNULL = YES;
				CLANG_CXX_LANGUAGE_STANDARD = "gnu++0x";
				CLANG_CXX_LIBRARY = "libc++";
				CLANG_ENABLE_MODULES = YES;
				CLANG_ENABLE_OBJC_ARC = YES;
				CLANG_WARN_BOOL_CONVERSION = YES;
				CLANG_WARN_CONSTANT_CONVERSION = YES;
				CLANG_WARN_DIRECT_OBJC_ISA_USAGE = YES_ERROR;
				CLANG_WARN_DOCUMENTATION_COMMENTS = YES;
				CLANG_WARN_EMPTY_BODY = YES;
				CLANG_WARN_ENUM_CONVERSION = YES;
				CLANG_WARN_INFINITE_RECURSION = YES;
				CLANG_WARN_INT_CONVERSION = YES;
				CLANG_WARN_OBJC_ROOT_CLASS = YES_ERROR;
				CLANG_WARN_SUSPICIOUS_MOVES = YES;
				CLANG_WARN_UNREACHABLE_CODE = YES;
				CLANG_WARN__DUPLICATE_METHOD_MATCH = YES;
				"CODE_SIGN_IDENTITY[sdk=iphoneos*]" = "iPhone Developer";
				COPY_PHASE_STRIP = NO;
				DEBUG_INFORMATION_FORMAT = dwarf;
				ENABLE_STRICT_OBJC_MSGSEND = YES;
				ENABLE_TESTABILITY = YES;
				GCC_C_LANGUAGE_STANDARD = gnu99;
				GCC_DYNAMIC_NO_PIC = NO;
				GCC_NO_COMMON_BLOCKS = YES;
				GCC_OPTIMIZATION_LEVEL = 0;
				GCC_PREPROCESSOR_DEFINITIONS = (
					"DEBUG=1",
					"$(inherited)",
				);
				GCC_WARN_64_TO_32_BIT_CONVERSION = YES;
				GCC_WARN_ABOUT_RETURN_TYPE = YES_ERROR;
				GCC_WARN_UNDECLARED_SELECTOR = YES;
				GCC_WARN_UNINITIALIZED_AUTOS = YES_AGGRESSIVE;
				GCC_WARN_UNUSED_FUNCTION = YES;
				GCC_WARN_UNUSED_VARIABLE = YES;
				IPHONEOS_DEPLOYMENT_TARGET = 8.0;
				MTL_ENABLE_DEBUG_INFO = YES;
				ONLY_ACTIVE_ARCH = YES;
				SDKROOT = iphoneos;
				SWIFT_ACTIVE_COMPILATION_CONDITIONS = DEBUG;
				SWIFT_OPTIMIZATION_LEVEL = "-Onone";
				TARGETED_DEVICE_FAMILY = "1,2";
			};
			name = Debug;
		};
		516277F01DFC6FA2003BAA51 /* Release */ = {
			isa = XCBuildConfiguration;
			buildSettings = {
				ALWAYS_SEARCH_USER_PATHS = NO;
				CLANG_ANALYZER_NONNULL = YES;
				CLANG_CXX_LANGUAGE_STANDARD = "gnu++0x";
				CLANG_CXX_LIBRARY = "libc++";
				CLANG_ENABLE_MODULES = YES;
				CLANG_ENABLE_OBJC_ARC = YES;
				CLANG_WARN_BOOL_CONVERSION = YES;
				CLANG_WARN_CONSTANT_CONVERSION = YES;
				CLANG_WARN_DIRECT_OBJC_ISA_USAGE = YES_ERROR;
				CLANG_WARN_DOCUMENTATION_COMMENTS = YES;
				CLANG_WARN_EMPTY_BODY = YES;
				CLANG_WARN_ENUM_CONVERSION = YES;
				CLANG_WARN_INFINITE_RECURSION = YES;
				CLANG_WARN_INT_CONVERSION = YES;
				CLANG_WARN_OBJC_ROOT_CLASS = YES_ERROR;
				CLANG_WARN_SUSPICIOUS_MOVES = YES;
				CLANG_WARN_UNREACHABLE_CODE = YES;
				CLANG_WARN__DUPLICATE_METHOD_MATCH = YES;
				"CODE_SIGN_IDENTITY[sdk=iphoneos*]" = "iPhone Developer";
				COPY_PHASE_STRIP = NO;
				DEBUG_INFORMATION_FORMAT = "dwarf-with-dsym";
				ENABLE_NS_ASSERTIONS = NO;
				ENABLE_STRICT_OBJC_MSGSEND = YES;
				GCC_C_LANGUAGE_STANDARD = gnu99;
				GCC_NO_COMMON_BLOCKS = YES;
				GCC_WARN_64_TO_32_BIT_CONVERSION = YES;
				GCC_WARN_ABOUT_RETURN_TYPE = YES_ERROR;
				GCC_WARN_UNDECLARED_SELECTOR = YES;
				GCC_WARN_UNINITIALIZED_AUTOS = YES_AGGRESSIVE;
				GCC_WARN_UNUSED_FUNCTION = YES;
				GCC_WARN_UNUSED_VARIABLE = YES;
				IPHONEOS_DEPLOYMENT_TARGET = 8.0;
				MTL_ENABLE_DEBUG_INFO = NO;
				SDKROOT = iphoneos;
				SWIFT_OPTIMIZATION_LEVEL = "-Owholemodule";
				TARGETED_DEVICE_FAMILY = "1,2";
				VALIDATE_PRODUCT = YES;
			};
			name = Release;
		};
		516277F21DFC6FA2003BAA51 /* Debug */ = {
			isa = XCBuildConfiguration;
			baseConfigurationReference = B6124AA8CBE26F292F668BC1 /* Pods-ClothesStore.debug.xcconfig */;
			buildSettings = {
				ASSETCATALOG_COMPILER_APPICON_NAME = AppIcon;
				DEVELOPMENT_TEAM = C2UFGA4H52;
				INFOPLIST_FILE = ClothesStore/Info.plist;
				LD_RUNPATH_SEARCH_PATHS = "$(inherited) @executable_path/Frameworks";
				PRODUCT_BUNDLE_IDENTIFIER = com.gmail.sm1030.ClothesStore;
				PRODUCT_NAME = "$(TARGET_NAME)";
				SWIFT_VERSION = 3.0;
			};
			name = Debug;
		};
		516277F31DFC6FA2003BAA51 /* Release */ = {
			isa = XCBuildConfiguration;
			baseConfigurationReference = DFB887D75F80E722E1425657 /* Pods-ClothesStore.release.xcconfig */;
			buildSettings = {
				ASSETCATALOG_COMPILER_APPICON_NAME = AppIcon;
				DEVELOPMENT_TEAM = C2UFGA4H52;
				INFOPLIST_FILE = ClothesStore/Info.plist;
				LD_RUNPATH_SEARCH_PATHS = "$(inherited) @executable_path/Frameworks";
				PRODUCT_BUNDLE_IDENTIFIER = com.gmail.sm1030.ClothesStore;
				PRODUCT_NAME = "$(TARGET_NAME)";
				SWIFT_VERSION = 3.0;
			};
			name = Release;
		};
		516277F51DFC6FA2003BAA51 /* Debug */ = {
			isa = XCBuildConfiguration;
			baseConfigurationReference = 9E1FCB0E01A1AA6643AF59DB /* Pods-ClothesStoreTests.debug.xcconfig */;
			buildSettings = {
				ALWAYS_EMBED_SWIFT_STANDARD_LIBRARIES = YES;
				BUNDLE_LOADER = "$(TEST_HOST)";
				DEVELOPMENT_TEAM = C2UFGA4H52;
				INFOPLIST_FILE = ClothesStoreTests/Info.plist;
				LD_RUNPATH_SEARCH_PATHS = "$(inherited) @executable_path/Frameworks @loader_path/Frameworks";
				PRODUCT_BUNDLE_IDENTIFIER = com.gmail.sm1030.ClothesStoreTests;
				PRODUCT_NAME = "$(TARGET_NAME)";
				SWIFT_VERSION = 3.0;
				TEST_HOST = "$(BUILT_PRODUCTS_DIR)/ClothesStore.app/ClothesStore";
			};
			name = Debug;
		};
		516277F61DFC6FA2003BAA51 /* Release */ = {
			isa = XCBuildConfiguration;
			baseConfigurationReference = 78EBFD6419F225064CF324C2 /* Pods-ClothesStoreTests.release.xcconfig */;
			buildSettings = {
				ALWAYS_EMBED_SWIFT_STANDARD_LIBRARIES = YES;
				BUNDLE_LOADER = "$(TEST_HOST)";
				DEVELOPMENT_TEAM = C2UFGA4H52;
				INFOPLIST_FILE = ClothesStoreTests/Info.plist;
				LD_RUNPATH_SEARCH_PATHS = "$(inherited) @executable_path/Frameworks @loader_path/Frameworks";
				PRODUCT_BUNDLE_IDENTIFIER = com.gmail.sm1030.ClothesStoreTests;
				PRODUCT_NAME = "$(TARGET_NAME)";
				SWIFT_VERSION = 3.0;
				TEST_HOST = "$(BUILT_PRODUCTS_DIR)/ClothesStore.app/ClothesStore";
			};
			name = Release;
		};
		516277F81DFC6FA2003BAA51 /* Debug */ = {
			isa = XCBuildConfiguration;
			baseConfigurationReference = F06C3458A7EAC71EBEE78A23 /* Pods-ClothesStoreUITests.debug.xcconfig */;
			buildSettings = {
				ALWAYS_EMBED_SWIFT_STANDARD_LIBRARIES = YES;
				DEVELOPMENT_TEAM = C2UFGA4H52;
				INFOPLIST_FILE = ClothesStoreUITests/Info.plist;
				LD_RUNPATH_SEARCH_PATHS = "$(inherited) @executable_path/Frameworks @loader_path/Frameworks";
				PRODUCT_BUNDLE_IDENTIFIER = com.gmail.sm1030.ClothesStoreUITests;
				PRODUCT_NAME = "$(TARGET_NAME)";
				SWIFT_VERSION = 3.0;
				TEST_TARGET_NAME = ClothesStore;
			};
			name = Debug;
		};
		516277F91DFC6FA2003BAA51 /* Release */ = {
			isa = XCBuildConfiguration;
			baseConfigurationReference = 52B13BF6100BB78247D5FEFD /* Pods-ClothesStoreUITests.release.xcconfig */;
			buildSettings = {
				ALWAYS_EMBED_SWIFT_STANDARD_LIBRARIES = YES;
				DEVELOPMENT_TEAM = C2UFGA4H52;
				INFOPLIST_FILE = ClothesStoreUITests/Info.plist;
				LD_RUNPATH_SEARCH_PATHS = "$(inherited) @executable_path/Frameworks @loader_path/Frameworks";
				PRODUCT_BUNDLE_IDENTIFIER = com.gmail.sm1030.ClothesStoreUITests;
				PRODUCT_NAME = "$(TARGET_NAME)";
				SWIFT_VERSION = 3.0;
				TEST_TARGET_NAME = ClothesStore;
			};
			name = Release;
		};
/* End XCBuildConfiguration section */

/* Begin XCConfigurationList section */
		516277C11DFC6FA1003BAA51 /* Build configuration list for PBXProject "ClothesStore" */ = {
			isa = XCConfigurationList;
			buildConfigurations = (
				516277EF1DFC6FA2003BAA51 /* Debug */,
				516277F01DFC6FA2003BAA51 /* Release */,
			);
			defaultConfigurationIsVisible = 0;
			defaultConfigurationName = Release;
		};
		516277F11DFC6FA2003BAA51 /* Build configuration list for PBXNativeTarget "ClothesStore" */ = {
			isa = XCConfigurationList;
			buildConfigurations = (
				516277F21DFC6FA2003BAA51 /* Debug */,
				516277F31DFC6FA2003BAA51 /* Release */,
			);
			defaultConfigurationIsVisible = 0;
			defaultConfigurationName = Release;
		};
		516277F41DFC6FA2003BAA51 /* Build configuration list for PBXNativeTarget "ClothesStoreTests" */ = {
			isa = XCConfigurationList;
			buildConfigurations = (
				516277F51DFC6FA2003BAA51 /* Debug */,
				516277F61DFC6FA2003BAA51 /* Release */,
			);
			defaultConfigurationIsVisible = 0;
			defaultConfigurationName = Release;
		};
		516277F71DFC6FA2003BAA51 /* Build configuration list for PBXNativeTarget "ClothesStoreUITests" */ = {
			isa = XCConfigurationList;
			buildConfigurations = (
				516277F81DFC6FA2003BAA51 /* Debug */,
				516277F91DFC6FA2003BAA51 /* Release */,
			);
			defaultConfigurationIsVisible = 0;
			defaultConfigurationName = Release;
		};
/* End XCConfigurationList section */

/* Begin XCVersionGroup section */
		5162780C1DFC73B2003BAA51 /* ClothesStore.xcdatamodeld */ = {
			isa = XCVersionGroup;
			children = (
				5162780D1DFC73B2003BAA51 /* ClothesStore.xcdatamodel */,
			);
			currentVersion = 5162780D1DFC73B2003BAA51 /* ClothesStore.xcdatamodel */;
			path = ClothesStore.xcdatamodeld;
			sourceTree = "<group>";
			versionGroupType = wrapper.xcdatamodel;
		};
/* End XCVersionGroup section */
	};
	rootObject = 516277BE1DFC6FA1003BAA51 /* Project object */;
}
